
Microsoft Visual Studio Solution File, Format Version 12.00
# Visual Studio Version 17
VisualStudioVersion = 17.6.33723.286
MinimumVisualStudioVersion = 10.0.40219.1
Project("{8BC9CEB8-8B4A-11D0-8D11-00A0C91BC942}") = "design_pattern", "design_pattern\design_pattern.vcxproj", "{632FCBD6-D2A0-4C9D-8739-81F17DD0DA1D}"
EndProject
Global
	GlobalSection(SolutionConfigurationPlatforms) = preSolution
		Debug|x64 = Debug|x64
		Debug|x86 = Debug|x86
		Release|x64 = Release|x64
		Release|x86 = Release|x86
	EndGlobalSection
	GlobalSection(ProjectConfigurationPlatforms) = postSolution
		{632FCBD6-D2A0-4C9D-8739-81F17DD0DA1D}.Debug|x64.ActiveCfg = Debug|x64
		{632FCBD6-D2A0-4C9D-8739-81F17DD0DA1D}.Debug|x64.Build.0 = Debug|x64
		{632FCBD6-D2A0-4C9D-8739-81F17DD0DA1D}.Debug|x86.ActiveCfg = Debug|Win32
		{632FCBD6-D2A0-4C9D-8739-81F17DD0DA1D}.Debug|x86.Build.0 = Debug|Win32
		{632FCBD6-D2A0-4C9D-8739-81F17DD0DA1D}.Release|x64.ActiveCfg = Release|x64
		{632FCBD6-D2A0-4C9D-8739-81F17DD0DA1D}.Release|x64.Build.0 = Release|x64
		{632FCBD6-D2A0-4C9D-8739-81F17DD0DA1D}.Release|x86.ActiveCfg = Release|Win32
		{632FCBD6-D2A0-4C9D-8739-81F17DD0DA1D}.Release|x86.Build.0 = Release|Win32
	EndGlobalSection
	GlobalSection(SolutionProperties) = preSolution
		HideSolutionNode = FALSE
	EndGlobalSection
	GlobalSection(ExtensibilityGlobals) = postSolution
		SolutionGuid = {8D459C44-78BF-486F-B6FC-836D65193076}
	EndGlobalSection
EndGlobal
